// !$*UTF8*$!
{
	archiveVersion = 1;
	classes = {
	};
	objectVersion = 55;
	objects = {

/* Begin PBXBuildFile section */
		9DABD6162745D33200369419 /* Tests_iOS.swift in Sources */ = {isa = PBXBuildFile; fileRef = 9DABD6152745D33200369419 /* Tests_iOS.swift */; };
		9DABD6182745D33200369419 /* Tests_iOSLaunchTests.swift in Sources */ = {isa = PBXBuildFile; fileRef = 9DABD6172745D33200369419 /* Tests_iOSLaunchTests.swift */; };
		9DABD6222745D33200369419 /* Tests_macOS.swift in Sources */ = {isa = PBXBuildFile; fileRef = 9DABD6212745D33200369419 /* Tests_macOS.swift */; };
		9DABD6242745D33200369419 /* Tests_macOSLaunchTests.swift in Sources */ = {isa = PBXBuildFile; fileRef = 9DABD6232745D33200369419 /* Tests_macOSLaunchTests.swift */; };
		9DABD6252745D33200369419 /* PrivacyTool.xcdatamodeld in Sources */ = {isa = PBXBuildFile; fileRef = 9DABD5FA2745D33000369419 /* PrivacyTool.xcdatamodeld */; };
		9DABD6262745D33200369419 /* PrivacyTool.xcdatamodeld in Sources */ = {isa = PBXBuildFile; fileRef = 9DABD5FA2745D33000369419 /* PrivacyTool.xcdatamodeld */; };
		9DABD6272745D33200369419 /* PrivacyToolApp.swift in Sources */ = {isa = PBXBuildFile; fileRef = 9DABD5FC2745D33000369419 /* PrivacyToolApp.swift */; };
		9DABD6282745D33200369419 /* PrivacyToolApp.swift in Sources */ = {isa = PBXBuildFile; fileRef = 9DABD5FC2745D33000369419 /* PrivacyToolApp.swift */; };
		9DABD6292745D33200369419 /* ContentView.swift in Sources */ = {isa = PBXBuildFile; fileRef = 9DABD5FD2745D33000369419 /* ContentView.swift */; };
		9DABD62A2745D33200369419 /* ContentView.swift in Sources */ = {isa = PBXBuildFile; fileRef = 9DABD5FD2745D33000369419 /* ContentView.swift */; };
		9DABD62B2745D33200369419 /* Persistence.swift in Sources */ = {isa = PBXBuildFile; fileRef = 9DABD5FE2745D33000369419 /* Persistence.swift */; };
		9DABD62C2745D33200369419 /* Persistence.swift in Sources */ = {isa = PBXBuildFile; fileRef = 9DABD5FE2745D33000369419 /* Persistence.swift */; };
		9DABD62D2745D33200369419 /* Assets.xcassets in Resources */ = {isa = PBXBuildFile; fileRef = 9DABD5FF2745D33200369419 /* Assets.xcassets */; };
		9DABD62E2745D33200369419 /* Assets.xcassets in Resources */ = {isa = PBXBuildFile; fileRef = 9DABD5FF2745D33200369419 /* Assets.xcassets */; };
/* End PBXBuildFile section */

/* Begin PBXContainerItemProxy section */
		9DABD6122745D33200369419 /* PBXContainerItemProxy */ = {
			isa = PBXContainerItemProxy;
			containerPortal = 9DABD5F52745D33000369419 /* Project object */;
			proxyType = 1;
			remoteGlobalIDString = 9DABD6032745D33200369419;
			remoteInfo = "PrivacyTool (iOS)";
		};
		9DABD61E2745D33200369419 /* PBXContainerItemProxy */ = {
			isa = PBXContainerItemProxy;
			containerPortal = 9DABD5F52745D33000369419 /* Project object */;
			proxyType = 1;
			remoteGlobalIDString = 9DABD6092745D33200369419;
			remoteInfo = "PrivacyTool (macOS)";
		};
/* End PBXContainerItemProxy section */

/* Begin PBXFileReference section */
		9DABD5FB2745D33000369419 /* Shared.xcdatamodel */ = {isa = PBXFileReference; lastKnownFileType = wrapper.xcdatamodel; path = Shared.xcdatamodel; sourceTree = "<group>"; };
		9DABD5FC2745D33000369419 /* PrivacyToolApp.swift */ = {isa = PBXFileReference; lastKnownFileType = sourcecode.swift; path = PrivacyToolApp.swift; sourceTree = "<group>"; };
		9DABD5FD2745D33000369419 /* ContentView.swift */ = {isa = PBXFileReference; lastKnownFileType = sourcecode.swift; path = ContentView.swift; sourceTree = "<group>"; };
		9DABD5FE2745D33000369419 /* Persistence.swift */ = {isa = PBXFileReference; lastKnownFileType = sourcecode.swift; path = Persistence.swift; sourceTree = "<group>"; };
		9DABD5FF2745D33200369419 /* Assets.xcassets */ = {isa = PBXFileReference; lastKnownFileType = folder.assetcatalog; path = Assets.xcassets; sourceTree = "<group>"; };
		9DABD6042745D33200369419 /* PrivacyTool.app */ = {isa = PBXFileReference; explicitFileType = wrapper.application; includeInIndex = 0; path = PrivacyTool.app; sourceTree = BUILT_PRODUCTS_DIR; };
		9DABD60A2745D33200369419 /* PrivacyTool.app */ = {isa = PBXFileReference; explicitFileType = wrapper.application; includeInIndex = 0; path = PrivacyTool.app; sourceTree = BUILT_PRODUCTS_DIR; };
		9DABD60C2745D33200369419 /* macOS.entitlements */ = {isa = PBXFileReference; lastKnownFileType = text.plist.entitlements; path = macOS.entitlements; sourceTree = "<group>"; };
		9DABD6112745D33200369419 /* Tests iOS.xctest */ = {isa = PBXFileReference; explicitFileType = wrapper.cfbundle; includeInIndex = 0; path = "Tests iOS.xctest"; sourceTree = BUILT_PRODUCTS_DIR; };
		9DABD6152745D33200369419 /* Tests_iOS.swift */ = {isa = PBXFileReference; lastKnownFileType = sourcecode.swift; path = Tests_iOS.swift; sourceTree = "<group>"; };
		9DABD6172745D33200369419 /* Tests_iOSLaunchTests.swift */ = {isa = PBXFileReference; lastKnownFileType = sourcecode.swift; path = Tests_iOSLaunchTests.swift; sourceTree = "<group>"; };
		9DABD61D2745D33200369419 /* Tests macOS.xctest */ = {isa = PBXFileReference; explicitFileType = wrapper.cfbundle; includeInIndex = 0; path = "Tests macOS.xctest"; sourceTree = BUILT_PRODUCTS_DIR; };
		9DABD6212745D33200369419 /* Tests_macOS.swift */ = {isa = PBXFileReference; lastKnownFileType = sourcecode.swift; path = Tests_macOS.swift; sourceTree = "<group>"; };
		9DABD6232745D33200369419 /* Tests_macOSLaunchTests.swift */ = {isa = PBXFileReference; lastKnownFileType = sourcecode.swift; path = Tests_macOSLaunchTests.swift; sourceTree = "<group>"; };
/* End PBXFileReference section */

/* Begin PBXFrameworksBuildPhase section */
		9DABD6012745D33200369419 /* Frameworks */ = {
			isa = PBXFrameworksBuildPhase;
			buildActionMask = 2147483647;
			files = (
			);
			runOnlyForDeploymentPostprocessing = 0;
		};
		9DABD6072745D33200369419 /* Frameworks */ = {
			isa = PBXFrameworksBuildPhase;
			buildActionMask = 2147483647;
			files = (
			);
			runOnlyForDeploymentPostprocessing = 0;
		};
		9DABD60E2745D33200369419 /* Frameworks */ = {
			isa = PBXFrameworksBuildPhase;
			buildActionMask = 2147483647;
			files = (
			);
			runOnlyForDeploymentPostprocessing = 0;
		};
		9DABD61A2745D33200369419 /* Frameworks */ = {
			isa = PBXFrameworksBuildPhase;
			buildActionMask = 2147483647;
			files = (
			);
			runOnlyForDeploymentPostprocessing = 0;
		};
/* End PBXFrameworksBuildPhase section */

/* Begin PBXGroup section */
		9DABD5F42745D33000369419 = {
			isa = PBXGroup;
			children = (
				9DABD5F92745D33000369419 /* Shared */,
				9DABD60B2745D33200369419 /* macOS */,
				9DABD6142745D33200369419 /* Tests iOS */,
				9DABD6202745D33200369419 /* Tests macOS */,
				9DABD6052745D33200369419 /* Products */,
			);
			sourceTree = "<group>";
		};
		9DABD5F92745D33000369419 /* Shared */ = {
			isa = PBXGroup;
			children = (
				9DABD5FC2745D33000369419 /* PrivacyToolApp.swift */,
				9DABD5FD2745D33000369419 /* ContentView.swift */,
				9DABD5FE2745D33000369419 /* Persistence.swift */,
				9DABD5FF2745D33200369419 /* Assets.xcassets */,
				9DABD5FA2745D33000369419 /* PrivacyTool.xcdatamodeld */,
			);
			path = Shared;
			sourceTree = "<group>";
		};
		9DABD6052745D33200369419 /* Products */ = {
			isa = PBXGroup;
			children = (
				9DABD6042745D33200369419 /* PrivacyTool.app */,
				9DABD60A2745D33200369419 /* PrivacyTool.app */,
				9DABD6112745D33200369419 /* Tests iOS.xctest */,
				9DABD61D2745D33200369419 /* Tests macOS.xctest */,
			);
			name = Products;
			sourceTree = "<group>";
		};
		9DABD60B2745D33200369419 /* macOS */ = {
			isa = PBXGroup;
			children = (
				9DABD60C2745D33200369419 /* macOS.entitlements */,
			);
			path = macOS;
			sourceTree = "<group>";
		};
		9DABD6142745D33200369419 /* Tests iOS */ = {
			isa = PBXGroup;
			children = (
				9DABD6152745D33200369419 /* Tests_iOS.swift */,
				9DABD6172745D33200369419 /* Tests_iOSLaunchTests.swift */,
			);
			path = "Tests iOS";
			sourceTree = "<group>";
		};
		9DABD6202745D33200369419 /* Tests macOS */ = {
			isa = PBXGroup;
			children = (
				9DABD6212745D33200369419 /* Tests_macOS.swift */,
				9DABD6232745D33200369419 /* Tests_macOSLaunchTests.swift */,
			);
			path = "Tests macOS";
			sourceTree = "<group>";
		};
/* End PBXGroup section */

/* Begin PBXNativeTarget section */
		9DABD6032745D33200369419 /* PrivacyTool (iOS) */ = {
			isa = PBXNativeTarget;
			buildConfigurationList = 9DABD6312745D33200369419 /* Build configuration list for PBXNativeTarget "PrivacyTool (iOS)" */;
			buildPhases = (
				9DABD6002745D33200369419 /* Sources */,
				9DABD6012745D33200369419 /* Frameworks */,
				9DABD6022745D33200369419 /* Resources */,
			);
			buildRules = (
			);
			dependencies = (
			);
			name = "PrivacyTool (iOS)";
			productName = "PrivacyTool (iOS)";
			productReference = 9DABD6042745D33200369419 /* PrivacyTool.app */;
			productType = "com.apple.product-type.application";
		};
		9DABD6092745D33200369419 /* PrivacyTool (macOS) */ = {
			isa = PBXNativeTarget;
			buildConfigurationList = 9DABD6342745D33200369419 /* Build configuration list for PBXNativeTarget "PrivacyTool (macOS)" */;
			buildPhases = (
				9DABD6062745D33200369419 /* Sources */,
				9DABD6072745D33200369419 /* Frameworks */,
				9DABD6082745D33200369419 /* Resources */,
			);
			buildRules = (
			);
			dependencies = (
			);
			name = "PrivacyTool (macOS)";
			productName = "PrivacyTool (macOS)";
			productReference = 9DABD60A2745D33200369419 /* PrivacyTool.app */;
			productType = "com.apple.product-type.application";
		};
		9DABD6102745D33200369419 /* Tests iOS */ = {
			isa = PBXNativeTarget;
			buildConfigurationList = 9DABD6372745D33200369419 /* Build configuration list for PBXNativeTarget "Tests iOS" */;
			buildPhases = (
				9DABD60D2745D33200369419 /* Sources */,
				9DABD60E2745D33200369419 /* Frameworks */,
				9DABD60F2745D33200369419 /* Resources */,
			);
			buildRules = (
			);
			dependencies = (
				9DABD6132745D33200369419 /* PBXTargetDependency */,
			);
			name = "Tests iOS";
			productName = "Tests iOS";
			productReference = 9DABD6112745D33200369419 /* Tests iOS.xctest */;
			productType = "com.apple.product-type.bundle.ui-testing";
		};
		9DABD61C2745D33200369419 /* Tests macOS */ = {
			isa = PBXNativeTarget;
			buildConfigurationList = 9DABD63A2745D33200369419 /* Build configuration list for PBXNativeTarget "Tests macOS" */;
			buildPhases = (
				9DABD6192745D33200369419 /* Sources */,
				9DABD61A2745D33200369419 /* Frameworks */,
				9DABD61B2745D33200369419 /* Resources */,
			);
			buildRules = (
			);
			dependencies = (
				9DABD61F2745D33200369419 /* PBXTargetDependency */,
			);
			name = "Tests macOS";
			productName = "Tests macOS";
			productReference = 9DABD61D2745D33200369419 /* Tests macOS.xctest */;
			productType = "com.apple.product-type.bundle.ui-testing";
		};
/* End PBXNativeTarget section */

/* Begin PBXProject section */
		9DABD5F52745D33000369419 /* Project object */ = {
			isa = PBXProject;
			attributes = {
				BuildIndependentTargetsInParallel = 1;
				LastSwiftUpdateCheck = 1310;
				LastUpgradeCheck = 1310;
				TargetAttributes = {
					9DABD6032745D33200369419 = {
						CreatedOnToolsVersion = 13.1;
					};
					9DABD6092745D33200369419 = {
						CreatedOnToolsVersion = 13.1;
					};
					9DABD6102745D33200369419 = {
						CreatedOnToolsVersion = 13.1;
						TestTargetID = 9DABD6032745D33200369419;
					};
					9DABD61C2745D33200369419 = {
						CreatedOnToolsVersion = 13.1;
						TestTargetID = 9DABD6092745D33200369419;
					};
				};
			};
			buildConfigurationList = 9DABD5F82745D33000369419 /* Build configuration list for PBXProject "PrivacyTool" */;
			compatibilityVersion = "Xcode 13.0";
			developmentRegion = en;
			hasScannedForEncodings = 0;
			knownRegions = (
				en,
				Base,
			);
			mainGroup = 9DABD5F42745D33000369419;
			productRefGroup = 9DABD6052745D33200369419 /* Products */;
			projectDirPath = "";
			projectRoot = "";
			targets = (
				9DABD6032745D33200369419 /* PrivacyTool (iOS) */,
				9DABD6092745D33200369419 /* PrivacyTool (macOS) */,
				9DABD6102745D33200369419 /* Tests iOS */,
				9DABD61C2745D33200369419 /* Tests macOS */,
			);
		};
/* End PBXProject section */

/* Begin PBXResourcesBuildPhase section */
		9DABD6022745D33200369419 /* Resources */ = {
			isa = PBXResourcesBuildPhase;
			buildActionMask = 2147483647;
			files = (
				9DABD62D2745D33200369419 /* Assets.xcassets in Resources */,
			);
			runOnlyForDeploymentPostprocessing = 0;
		};
		9DABD6082745D33200369419 /* Resources */ = {
			isa = PBXResourcesBuildPhase;
			buildActionMask = 2147483647;
			files = (
				9DABD62E2745D33200369419 /* Assets.xcassets in Resources */,
			);
			runOnlyForDeploymentPostprocessing = 0;
		};
		9DABD60F2745D33200369419 /* Resources */ = {
			isa = PBXResourcesBuildPhase;
			buildActionMask = 2147483647;
			files = (
			);
			runOnlyForDeploymentPostprocessing = 0;
		};
		9DABD61B2745D33200369419 /* Resources */ = {
			isa = PBXResourcesBuildPhase;
			buildActionMask = 2147483647;
			files = (
			);
			runOnlyForDeploymentPostprocessing = 0;
		};
/* End PBXResourcesBuildPhase section */

/* Begin PBXSourcesBuildPhase section */
		9DABD6002745D33200369419 /* Sources */ = {
			isa = PBXSourcesBuildPhase;
			buildActionMask = 2147483647;
			files = (
				9DABD6272745D33200369419 /* PrivacyToolApp.swift in Sources */,
				9DABD62B2745D33200369419 /* Persistence.swift in Sources */,
				9DABD6252745D33200369419 /* PrivacyTool.xcdatamodeld in Sources */,
				9DABD6292745D33200369419 /* ContentView.swift in Sources */,
			);
			runOnlyForDeploymentPostprocessing = 0;
		};
		9DABD6062745D33200369419 /* Sources */ = {
			isa = PBXSourcesBuildPhase;
			buildActionMask = 2147483647;
			files = (
				9DABD6282745D33200369419 /* PrivacyToolApp.swift in Sources */,
				9DABD62C2745D33200369419 /* Persistence.swift in Sources */,
				9DABD6262745D33200369419 /* PrivacyTool.xcdatamodeld in Sources */,
				9DABD62A2745D33200369419 /* ContentView.swift in Sources */,
			);
			runOnlyForDeploymentPostprocessing = 0;
		};
		9DABD60D2745D33200369419 /* Sources */ = {
			isa = PBXSourcesBuildPhase;
			buildActionMask = 2147483647;
			files = (
				9DABD6182745D33200369419 /* Tests_iOSLaunchTests.swift in Sources */,
				9DABD6162745D33200369419 /* Tests_iOS.swift in Sources */,
			);
			runOnlyForDeploymentPostprocessing = 0;
		};
		9DABD6192745D33200369419 /* Sources */ = {
			isa = PBXSourcesBuildPhase;
			buildActionMask = 2147483647;
			files = (
				9DABD6242745D33200369419 /* Tests_macOSLaunchTests.swift in Sources */,
				9DABD6222745D33200369419 /* Tests_macOS.swift in Sources */,
			);
			runOnlyForDeploymentPostprocessing = 0;
		};
/* End PBXSourcesBuildPhase section */

/* Begin PBXTargetDependency section */
		9DABD6132745D33200369419 /* PBXTargetDependency */ = {
			isa = PBXTargetDependency;
			target = 9DABD6032745D33200369419 /* PrivacyTool (iOS) */;
			targetProxy = 9DABD6122745D33200369419 /* PBXContainerItemProxy */;
		};
		9DABD61F2745D33200369419 /* PBXTargetDependency */ = {
			isa = PBXTargetDependency;
			target = 9DABD6092745D33200369419 /* PrivacyTool (macOS) */;
			targetProxy = 9DABD61E2745D33200369419 /* PBXContainerItemProxy */;
		};
/* End PBXTargetDependency section */

/* Begin XCBuildConfiguration section */
		9DABD62F2745D33200369419 /* Debug */ = {
			isa = XCBuildConfiguration;
			buildSettings = {
				ALWAYS_SEARCH_USER_PATHS = NO;
				CLANG_ANALYZER_NONNULL = YES;
				CLANG_ANALYZER_NUMBER_OBJECT_CONVERSION = YES_AGGRESSIVE;
				CLANG_CXX_LANGUAGE_STANDARD = "gnu++17";
				CLANG_CXX_LIBRARY = "libc++";
				CLANG_ENABLE_MODULES = YES;
				CLANG_ENABLE_OBJC_ARC = YES;
				CLANG_ENABLE_OBJC_WEAK = YES;
				CLANG_WARN_BLOCK_CAPTURE_AUTORELEASING = YES;
				CLANG_WARN_BOOL_CONVERSION = YES;
				CLANG_WARN_COMMA = YES;
				CLANG_WARN_CONSTANT_CONVERSION = YES;
				CLANG_WARN_DEPRECATED_OBJC_IMPLEMENTATIONS = YES;
				CLANG_WARN_DIRECT_OBJC_ISA_USAGE = YES_ERROR;
				CLANG_WARN_DOCUMENTATION_COMMENTS = YES;
				CLANG_WARN_EMPTY_BODY = YES;
				CLANG_WARN_ENUM_CONVERSION = YES;
				CLANG_WARN_INFINITE_RECURSION = YES;
				CLANG_WARN_INT_CONVERSION = YES;
				CLANG_WARN_NON_LITERAL_NULL_CONVERSION = YES;
				CLANG_WARN_OBJC_IMPLICIT_RETAIN_SELF = YES;
				CLANG_WARN_OBJC_LITERAL_CONVERSION = YES;
				CLANG_WARN_OBJC_ROOT_CLASS = YES_ERROR;
				CLANG_WARN_QUOTED_INCLUDE_IN_FRAMEWORK_HEADER = YES;
				CLANG_WARN_RANGE_LOOP_ANALYSIS = YES;
				CLANG_WARN_STRICT_PROTOTYPES = YES;
				CLANG_WARN_SUSPICIOUS_MOVE = YES;
				CLANG_WARN_UNGUARDED_AVAILABILITY = YES_AGGRESSIVE;
				CLANG_WARN_UNREACHABLE_CODE = YES;
				CLANG_WARN__DUPLICATE_METHOD_MATCH = YES;
				COPY_PHASE_STRIP = NO;
				DEBUG_INFORMATION_FORMAT = dwarf;
				ENABLE_STRICT_OBJC_MSGSEND = YES;
				ENABLE_TESTABILITY = YES;
				GCC_C_LANGUAGE_STANDARD = gnu11;
				GCC_DYNAMIC_NO_PIC = NO;
				GCC_NO_COMMON_BLOCKS = YES;
				GCC_OPTIMIZATION_LEVEL = 0;
				GCC_PREPROCESSOR_DEFINITIONS = (
					"DEBUG=1",
					"$(inherited)",
				);
				GCC_WARN_64_TO_32_BIT_CONVERSION = YES;
				GCC_WARN_ABOUT_RETURN_TYPE = YES_ERROR;
				GCC_WARN_UNDECLARED_SELECTOR = YES;
				GCC_WARN_UNINITIALIZED_AUTOS = YES_AGGRESSIVE;
				GCC_WARN_UNUSED_FUNCTION = YES;
				GCC_WARN_UNUSED_VARIABLE = YES;
				MTL_ENABLE_DEBUG_INFO = INCLUDE_SOURCE;
				MTL_FAST_MATH = YES;
				ONLY_ACTIVE_ARCH = YES;
				SWIFT_ACTIVE_COMPILATION_CONDITIONS = DEBUG;
				SWIFT_OPTIMIZATION_LEVEL = "-Onone";
			};
			name = Debug;
		};
		9DABD6302745D33200369419 /* Release */ = {
			isa = XCBuildConfiguration;
			buildSettings = {
				ALWAYS_SEARCH_USER_PATHS = NO;
				CLANG_ANALYZER_NONNULL = YES;
				CLANG_ANALYZER_NUMBER_OBJECT_CONVERSION = YES_AGGRESSIVE;
				CLANG_CXX_LANGUAGE_STANDARD = "gnu++17";
				CLANG_CXX_LIBRARY = "libc++";
				CLANG_ENABLE_MODULES = YES;
				CLANG_ENABLE_OBJC_ARC = YES;
				CLANG_ENABLE_OBJC_WEAK = YES;
				CLANG_WARN_BLOCK_CAPTURE_AUTORELEASING = YES;
				CLANG_WARN_BOOL_CONVERSION = YES;
				CLANG_WARN_COMMA = YES;
				CLANG_WARN_CONSTANT_CONVERSION = YES;
				CLANG_WARN_DEPRECATED_OBJC_IMPLEMENTATIONS = YES;
				CLANG_WARN_DIRECT_OBJC_ISA_USAGE = YES_ERROR;
				CLANG_WARN_DOCUMENTATION_COMMENTS = YES;
				CLANG_WARN_EMPTY_BODY = YES;
				CLANG_WARN_ENUM_CONVERSION = YES;
				CLANG_WARN_INFINITE_RECURSION = YES;
				CLANG_WARN_INT_CONVERSION = YES;
				CLANG_WARN_NON_LITERAL_NULL_CONVERSION = YES;
				CLANG_WARN_OBJC_IMPLICIT_RETAIN_SELF = YES;
				CLANG_WARN_OBJC_LITERAL_CONVERSION = YES;
				CLANG_WARN_OBJC_ROOT_CLASS = YES_ERROR;
				CLANG_WARN_QUOTED_INCLUDE_IN_FRAMEWORK_HEADER = YES;
				CLANG_WARN_RANGE_LOOP_ANALYSIS = YES;
				CLANG_WARN_STRICT_PROTOTYPES = YES;
				CLANG_WARN_SUSPICIOUS_MOVE = YES;
				CLANG_WARN_UNGUARDED_AVAILABILITY = YES_AGGRESSIVE;
				CLANG_WARN_UNREACHABLE_CODE = YES;
				CLANG_WARN__DUPLICATE_METHOD_MATCH = YES;
				COPY_PHASE_STRIP = NO;
				DEBUG_INFORMATION_FORMAT = "dwarf-with-dsym";
				ENABLE_NS_ASSERTIONS = NO;
				ENABLE_STRICT_OBJC_MSGSEND = YES;
				GCC_C_LANGUAGE_STANDARD = gnu11;
				GCC_NO_COMMON_BLOCKS = YES;
				GCC_WARN_64_TO_32_BIT_CONVERSION = YES;
				GCC_WARN_ABOUT_RETURN_TYPE = YES_ERROR;
				GCC_WARN_UNDECLARED_SELECTOR = YES;
				GCC_WARN_UNINITIALIZED_AUTOS = YES_AGGRESSIVE;
				GCC_WARN_UNUSED_FUNCTION = YES;
				GCC_WARN_UNUSED_VARIABLE = YES;
				MTL_ENABLE_DEBUG_INFO = NO;
				MTL_FAST_MATH = YES;
				SWIFT_COMPILATION_MODE = wholemodule;
				SWIFT_OPTIMIZATION_LEVEL = "-O";
			};
			name = Release;
		};
		9DABD6322745D33200369419 /* Debug */ = {
			isa = XCBuildConfiguration;
			buildSettings = {
				ASSETCATALOG_COMPILER_APPICON_NAME = AppIcon;
				ASSETCATALOG_COMPILER_GLOBAL_ACCENT_COLOR_NAME = AccentColor;
				CODE_SIGN_STYLE = Automatic;
				CURRENT_PROJECT_VERSION = 1;
				DEVELOPMENT_TEAM = WK5J6XZYVS;
				ENABLE_PREVIEWS = YES;
				GENERATE_INFOPLIST_FILE = YES;
				INFOPLIST_KEY_UIApplicationSceneManifest_Generation = YES;
				INFOPLIST_KEY_UIApplicationSupportsIndirectInputEvents = YES;
				INFOPLIST_KEY_UILaunchScreen_Generation = YES;
				INFOPLIST_KEY_UISupportedInterfaceOrientations_iPad = "UIInterfaceOrientationPortrait UIInterfaceOrientationPortraitUpsideDown UIInterfaceOrientationLandscapeLeft UIInterfaceOrientationLandscapeRight";
				INFOPLIST_KEY_UISupportedInterfaceOrientations_iPhone = "UIInterfaceOrientationPortrait UIInterfaceOrientationLandscapeLeft UIInterfaceOrientationLandscapeRight";
				IPHONEOS_DEPLOYMENT_TARGET = 15.0;
				LD_RUNPATH_SEARCH_PATHS = (
					"$(inherited)",
					"@executable_path/Frameworks",
				);
				MARKETING_VERSION = 1.0;
				PRODUCT_BUNDLE_IDENTIFIER = com.cedarlogic.PrivacyTool;
				PRODUCT_NAME = PrivacyTool;
				SDKROOT = iphoneos;
				SWIFT_EMIT_LOC_STRINGS = YES;
				SWIFT_VERSION = 5.0;
				TARGETED_DEVICE_FAMILY = "1,2";
			};
			name = Debug;
		};
		9DABD6332745D33200369419 /* Release */ = {
			isa = XCBuildConfiguration;
			buildSettings = {
				ASSETCATALOG_COMPILER_APPICON_NAME = AppIcon;
				ASSETCATALOG_COMPILER_GLOBAL_ACCENT_COLOR_NAME = AccentColor;
				CODE_SIGN_STYLE = Automatic;
				CURRENT_PROJECT_VERSION = 1;
				DEVELOPMENT_TEAM = WK5J6XZYVS;
				ENABLE_PREVIEWS = YES;
				GENERATE_INFOPLIST_FILE = YES;
				INFOPLIST_KEY_UIApplicationSceneManifest_Generation = YES;
				INFOPLIST_KEY_UIApplicationSupportsIndirectInputEvents = YES;
				INFOPLIST_KEY_UILaunchScreen_Generation = YES;
				INFOPLIST_KEY_UISupportedInterfaceOrientations_iPad = "UIInterfaceOrientationPortrait UIInterfaceOrientationPortraitUpsideDown UIInterfaceOrientationLandscapeLeft UIInterfaceOrientationLandscapeRight";
				INFOPLIST_KEY_UISupportedInterfaceOrientations_iPhone = "UIInterfaceOrientationPortrait UIInterfaceOrientationLandscapeLeft UIInterfaceOrientationLandscapeRight";
				IPHONEOS_DEPLOYMENT_TARGET = 15.0;
				LD_RUNPATH_SEARCH_PATHS = (
					"$(inherited)",
					"@executable_path/Frameworks",
				);
				MARKETING_VERSION = 1.0;
				PRODUCT_BUNDLE_IDENTIFIER = com.cedarlogic.PrivacyTool;
				PRODUCT_NAME = PrivacyTool;
				SDKROOT = iphoneos;
				SWIFT_EMIT_LOC_STRINGS = YES;
				SWIFT_VERSION = 5.0;
				TARGETED_DEVICE_FAMILY = "1,2";
				VALIDATE_PRODUCT = YES;
			};
			name = Release;
		};
		9DABD6352745D33200369419 /* Debug */ = {
			isa = XCBuildConfiguration;
			buildSettings = {
				ASSETCATALOG_COMPILER_APPICON_NAME = AppIcon;
				ASSETCATALOG_COMPILER_GLOBAL_ACCENT_COLOR_NAME = AccentColor;
				CODE_SIGN_ENTITLEMENTS = macOS/macOS.entitlements;
				CODE_SIGN_STYLE = Automatic;
				COMBINE_HIDPI_IMAGES = YES;
				CURRENT_PROJECT_VERSION = 1;
				DEVELOPMENT_TEAM = WK5J6XZYVS;
				ENABLE_HARDENED_RUNTIME = YES;
				ENABLE_PREVIEWS = YES;
				GENERATE_INFOPLIST_FILE = YES;
				INFOPLIST_KEY_NSHumanReadableCopyright = "";
				LD_RUNPATH_SEARCH_PATHS = (
					"$(inherited)",
					"@executable_path/../Frameworks",
				);
				MACOSX_DEPLOYMENT_TARGET = 12.0;
				MARKETING_VERSION = 1.0;
				PRODUCT_BUNDLE_IDENTIFIER = com.cedarlogic.PrivacyTool;
				PRODUCT_NAME = PrivacyTool;
				SDKROOT = macosx;
				SWIFT_EMIT_LOC_STRINGS = YES;
				SWIFT_VERSION = 5.0;
			};
			name = Debug;
		};
		9DABD6362745D33200369419 /* Release */ = {
			isa = XCBuildConfiguration;
			buildSettings = {
				ASSETCATALOG_COMPILER_APPICON_NAME = AppIcon;
				ASSETCATALOG_COMPILER_GLOBAL_ACCENT_COLOR_NAME = AccentColor;
				CODE_SIGN_ENTITLEMENTS = macOS/macOS.entitlements;
				CODE_SIGN_STYLE = Automatic;
				COMBINE_HIDPI_IMAGES = YES;
				CURRENT_PROJECT_VERSION = 1;
				DEVELOPMENT_TEAM = WK5J6XZYVS;
				ENABLE_HARDENED_RUNTIME = YES;
				ENABLE_PREVIEWS = YES;
				GENERATE_INFOPLIST_FILE = YES;
				INFOPLIST_KEY_NSHumanReadableCopyright = "";
				LD_RUNPATH_SEARCH_PATHS = (
					"$(inherited)",
					"@executable_path/../Frameworks",
				);
				MACOSX_DEPLOYMENT_TARGET = 12.0;
				MARKETING_VERSION = 1.0;
				PRODUCT_BUNDLE_IDENTIFIER = com.cedarlogic.PrivacyTool;
				PRODUCT_NAME = PrivacyTool;
				SDKROOT = macosx;
				SWIFT_EMIT_LOC_STRINGS = YES;
				SWIFT_VERSION = 5.0;
			};
			name = Release;
		};
		9DABD6382745D33200369419 /* Debug */ = {
			isa = XCBuildConfiguration;
			buildSettings = {
				ALWAYS_EMBED_SWIFT_STANDARD_LIBRARIES = YES;
				CODE_SIGN_STYLE = Automatic;
				CURRENT_PROJECT_VERSION = 1;
				DEVELOPMENT_TEAM = WK5J6XZYVS;
				GENERATE_INFOPLIST_FILE = YES;
				IPHONEOS_DEPLOYMENT_TARGET = 15.0;
				LD_RUNPATH_SEARCH_PATHS = (
					"$(inherited)",
					"@executable_path/Frameworks",
					"@loader_path/Frameworks",
				);
				MARKETING_VERSION = 1.0;
				PRODUCT_BUNDLE_IDENTIFIER = "com.cedarlogic.Tests-iOS";
				PRODUCT_NAME = "$(TARGET_NAME)";
				SDKROOT = iphoneos;
				SWIFT_EMIT_LOC_STRINGS = NO;
				SWIFT_VERSION = 5.0;
				TARGETED_DEVICE_FAMILY = "1,2";
				TEST_TARGET_NAME = "PrivacyTool (iOS)";
			};
			name = Debug;
		};
		9DABD6392745D33200369419 /* Release */ = {
			isa = XCBuildConfiguration;
			buildSettings = {
				ALWAYS_EMBED_SWIFT_STANDARD_LIBRARIES = YES;
				CODE_SIGN_STYLE = Automatic;
				CURRENT_PROJECT_VERSION = 1;
				DEVELOPMENT_TEAM = WK5J6XZYVS;
				GENERATE_INFOPLIST_FILE = YES;
				IPHONEOS_DEPLOYMENT_TARGET = 15.0;
				LD_RUNPATH_SEARCH_PATHS = (
					"$(inherited)",
					"@executable_path/Frameworks",
					"@loader_path/Frameworks",
				);
				MARKETING_VERSION = 1.0;
				PRODUCT_BUNDLE_IDENTIFIER = "com.cedarlogic.Tests-iOS";
				PRODUCT_NAME = "$(TARGET_NAME)";
				SDKROOT = iphoneos;
				SWIFT_EMIT_LOC_STRINGS = NO;
				SWIFT_VERSION = 5.0;
				TARGETED_DEVICE_FAMILY = "1,2";
				TEST_TARGET_NAME = "PrivacyTool (iOS)";
				VALIDATE_PRODUCT = YES;
			};
			name = Release;
		};
		9DABD63B2745D33200369419 /* Debug */ = {
			isa = XCBuildConfiguration;
			buildSettings = {
				ALWAYS_EMBED_SWIFT_STANDARD_LIBRARIES = YES;
				CODE_SIGN_STYLE = Automatic;
				COMBINE_HIDPI_IMAGES = YES;
				CURRENT_PROJECT_VERSION = 1;
				DEVELOPMENT_TEAM = WK5J6XZYVS;
				GENERATE_INFOPLIST_FILE = YES;
				LD_RUNPATH_SEARCH_PATHS = (
					"$(inherited)",
					"@executable_path/../Frameworks",
					"@loader_path/../Frameworks",
				);
				MACOSX_DEPLOYMENT_TARGET = 12.0;
				MARKETING_VERSION = 1.0;
				PRODUCT_BUNDLE_IDENTIFIER = "com.cedarlogic.Tests-macOS";
				PRODUCT_NAME = "$(TARGET_NAME)";
				SDKROOT = macosx;
				SWIFT_EMIT_LOC_STRINGS = NO;
				SWIFT_VERSION = 5.0;
				TEST_TARGET_NAME = "PrivacyTool (macOS)";
			};
			name = Debug;
		};
		9DABD63C2745D33200369419 /* Release */ = {
			isa = XCBuildConfiguration;
			buildSettings = {
				ALWAYS_EMBED_SWIFT_STANDARD_LIBRARIES = YES;
				CODE_SIGN_STYLE = Automatic;
				COMBINE_HIDPI_IMAGES = YES;
				CURRENT_PROJECT_VERSION = 1;
				DEVELOPMENT_TEAM = WK5J6XZYVS;
				GENERATE_INFOPLIST_FILE = YES;
				LD_RUNPATH_SEARCH_PATHS = (
					"$(inherited)",
					"@executable_path/../Frameworks",
					"@loader_path/../Frameworks",
				);
				MACOSX_DEPLOYMENT_TARGET = 12.0;
				MARKETING_VERSION = 1.0;
				PRODUCT_BUNDLE_IDENTIFIER = "com.cedarlogic.Tests-macOS";
				PRODUCT_NAME = "$(TARGET_NAME)";
				SDKROOT = macosx;
				SWIFT_EMIT_LOC_STRINGS = NO;
				SWIFT_VERSION = 5.0;
				TEST_TARGET_NAME = "PrivacyTool (macOS)";
			};
			name = Release;
		};
/* End XCBuildConfiguration section */

/* Begin XCConfigurationList section */
		9DABD5F82745D33000369419 /* Build configuration list for PBXProject "PrivacyTool" */ = {
			isa = XCConfigurationList;
			buildConfigurations = (
				9DABD62F2745D33200369419 /* Debug */,
				9DABD6302745D33200369419 /* Release */,
			);
			defaultConfigurationIsVisible = 0;
			defaultConfigurationName = Release;
		};
		9DABD6312745D33200369419 /* Build configuration list for PBXNativeTarget "PrivacyTool (iOS)" */ = {
			isa = XCConfigurationList;
			buildConfigurations = (
				9DABD6322745D33200369419 /* Debug */,
				9DABD6332745D33200369419 /* Release */,
			);
			defaultConfigurationIsVisible = 0;
			defaultConfigurationName = Release;
		};
		9DABD6342745D33200369419 /* Build configuration list for PBXNativeTarget "PrivacyTool (macOS)" */ = {
			isa = XCConfigurationList;
			buildConfigurations = (
				9DABD6352745D33200369419 /* Debug */,
				9DABD6362745D33200369419 /* Release */,
			);
			defaultConfigurationIsVisible = 0;
			defaultConfigurationName = Release;
		};
		9DABD6372745D33200369419 /* Build configuration list for PBXNativeTarget "Tests iOS" */ = {
			isa = XCConfigurationList;
			buildConfigurations = (
				9DABD6382745D33200369419 /* Debug */,
				9DABD6392745D33200369419 /* Release */,
			);
			defaultConfigurationIsVisible = 0;
			defaultConfigurationName = Release;
		};
		9DABD63A2745D33200369419 /* Build configuration list for PBXNativeTarget "Tests macOS" */ = {
			isa = XCConfigurationList;
			buildConfigurations = (
				9DABD63B2745D33200369419 /* Debug */,
				9DABD63C2745D33200369419 /* Release */,
			);
			defaultConfigurationIsVisible = 0;
			defaultConfigurationName = Release;
		};
/* End XCConfigurationList section */

/* Begin XCVersionGroup section */
		9DABD5FA2745D33000369419 /* PrivacyTool.xcdatamodeld */ = {
			isa = XCVersionGroup;
			children = (
				9DABD5FB2745D33000369419 /* Shared.xcdatamodel */,
			);
			currentVersion = 9DABD5FB2745D33000369419 /* Shared.xcdatamodel */;
			path = PrivacyTool.xcdatamodeld;
			sourceTree = "<group>";
			versionGroupType = wrapper.xcdatamodel;
		};
/* End XCVersionGroup section */
	};
	rootObject = 9DABD5F52745D33000369419 /* Project object */;
}
